
Microsoft Visual Studio Solution File, Format Version 12.00
# Visual Studio 2012
Project("{FAE04EC0-301F-11D3-BF4B-00C04F79EFBC}") = "SinglePageApp", "SinglePageApp\SinglePageApp.csproj", "{1096F34C-609E-48AE-9DA2-7B067EB0E1CB}"
EndProject
Global
	GlobalSection(SolutionConfigurationPlatforms) = preSolution
		Debug|Any CPU = Debug|Any CPU
		Release|Any CPU = Release|Any CPU
	EndGlobalSection
	GlobalSection(ProjectConfigurationPlatforms) = postSolution
		{1096F34C-609E-48AE-9DA2-7B067EB0E1CB}.Debug|Any CPU.ActiveCfg = Debug|Any CPU
		{1096F34C-609E-48AE-9DA2-7B067EB0E1CB}.Debug|Any CPU.Build.0 = Debug|Any CPU
		{1096F34C-609E-48AE-9DA2-7B067EB0E1CB}.Debug|Any CPU.Deploy.0 = Debug|Any CPU
		{1096F34C-609E-48AE-9DA2-7B067EB0E1CB}.Release|Any CPU.ActiveCfg = Release|Any CPU
		{1096F34C-609E-48AE-9DA2-7B067EB0E1CB}.Release|Any CPU.Build.0 = Release|Any CPU
		{1096F34C-609E-48AE-9DA2-7B067EB0E1CB}.Release|Any CPU.Deploy.0 = Release|Any CPU
	EndGlobalSection
	GlobalSection(SolutionProperties) = preSolution
		HideSolutionNode = FALSE
	EndGlobalSection
EndGlobal
